Microsoft Visual Studio Solution File, Format Version 11.00
# Visual Studio 2008

Project("{CB17BA7F-75C6-513B-C4D2-2EF776ACC6E5}") = "pagarkebun", "Assembly-CSharp.csproj", "{A7BAE11C-41A6-CE1D-9557-3006506B2660}"
EndProject
Global
	GlobalSection(SolutionConfigurationPlatforms) = preSolution
		Debug|Any CPU = Debug|Any CPU
		Release|Any CPU = Release|Any CPU
	EndGlobalSection
	GlobalSection(ProjectConfigurationPlatforms) = postSolution
		{A7BAE11C-41A6-CE1D-9557-3006506B2660}.Debug|Any CPU.ActiveCfg = Debug|Any CPU
		{A7BAE11C-41A6-CE1D-9557-3006506B2660}.Debug|Any CPU.Build.0 = Debug|Any CPU
		{A7BAE11C-41A6-CE1D-9557-3006506B2660}.Release|Any CPU.ActiveCfg = Release|Any CPU
		{A7BAE11C-41A6-CE1D-9557-3006506B2660}.Release|Any CPU.Build.0 = Release|Any CPU
	EndGlobalSection
	GlobalSection(SolutionProperties) = preSolution
		HideSolutionNode = FALSE
	EndGlobalSection
	GlobalSection(MonoDevelopProperties) = preSolution
		StartupItem = Assembly-CSharp.csproj
	EndGlobalSection
EndGlobal
